
Microsoft Visual Studio Solution File, Format Version 12.00
# Visual Studio Version 17
VisualStudioVersion = 17.6.33712.159
MinimumVisualStudioVersion = 10.0.40219.1
Project("{2150E333-8FDC-42A3-9474-1A3956D46DE8}") = "0-Domain", "0-Domain", "{2F12F7D9-80FD-408D-BD2D-0C2969F11ADC}"
EndProject
Project("{2150E333-8FDC-42A3-9474-1A3956D46DE8}") = "1-Desktop", "1-Desktop", "{276FD099-6D73-4240-9ECE-32E94D9B4DD0}"
EndProject
Project("{2150E333-8FDC-42A3-9474-1A3956D46DE8}") = "2-Mobile", "2-Mobile", "{588F54EB-CF97-4EFB-BC5F-7E04E4EB87F2}"
EndProject
Project("{2150E333-8FDC-42A3-9474-1A3956D46DE8}") = "Solution Items", "Solution Items", "{B982E645-AF00-42E4-B941-D3DC8850ACE1}"
EndProject
Project("{FAE04EC0-301F-11D3-BF4B-00C04F79EFBC}") = "Utad.Lab.G02.Domain", "Utad.Lab.G02.Domain\Utad.Lab.G02.Domain.csproj", "{C32A1811-3E05-4B43-B04E-518933439084}"
EndProject
Project("{FAE04EC0-301F-11D3-BF4B-00C04F79EFBC}") = "Utad.Lab.G02.DesktopWPF", "Utad.Lab.G02.DesktopWPF\Utad.Lab.G02.DesktopWPF.csproj", "{D6FCA71F-43F0-4955-BD6A-298688DE0748}"
EndProject
Global
	GlobalSection(SolutionConfigurationPlatforms) = preSolution
		Debug|Any CPU = Debug|Any CPU
		Release|Any CPU = Release|Any CPU
	EndGlobalSection
	GlobalSection(ProjectConfigurationPlatforms) = postSolution
		{C32A1811-3E05-4B43-B04E-518933439084}.Debug|Any CPU.ActiveCfg = Debug|Any CPU
		{C32A1811-3E05-4B43-B04E-518933439084}.Debug|Any CPU.Build.0 = Debug|Any CPU
		{C32A1811-3E05-4B43-B04E-518933439084}.Release|Any CPU.ActiveCfg = Release|Any CPU
		{C32A1811-3E05-4B43-B04E-518933439084}.Release|Any CPU.Build.0 = Release|Any CPU
		{D6FCA71F-43F0-4955-BD6A-298688DE0748}.Debug|Any CPU.ActiveCfg = Debug|Any CPU
		{D6FCA71F-43F0-4955-BD6A-298688DE0748}.Debug|Any CPU.Build.0 = Debug|Any CPU
		{D6FCA71F-43F0-4955-BD6A-298688DE0748}.Release|Any CPU.ActiveCfg = Release|Any CPU
		{D6FCA71F-43F0-4955-BD6A-298688DE0748}.Release|Any CPU.Build.0 = Release|Any CPU
	EndGlobalSection
	GlobalSection(SolutionProperties) = preSolution
		HideSolutionNode = FALSE
	EndGlobalSection
	GlobalSection(NestedProjects) = preSolution
		{C32A1811-3E05-4B43-B04E-518933439084} = {2F12F7D9-80FD-408D-BD2D-0C2969F11ADC}
		{D6FCA71F-43F0-4955-BD6A-298688DE0748} = {276FD099-6D73-4240-9ECE-32E94D9B4DD0}
	EndGlobalSection
	GlobalSection(ExtensibilityGlobals) = postSolution
		SolutionGuid = {39D73B63-5EBB-41E9-AE11-146453AA3E39}
	EndGlobalSection
EndGlobal
